
Microsoft Visual Studio Solution File, Format Version 12.00
# Visual Studio Version 16
VisualStudioVersion = 16.0.31025.194
MinimumVisualStudioVersion = 10.0.40219.1
Project("{888888A0-9F3D-457C-B088-3A5042F75D52}") = "Apy", "Apy\Apy.pyproj", "{F61BEE1D-A7EB-4B98-82B5-D7FC0F3E322B}"
EndProject
Global
	GlobalSection(SolutionConfigurationPlatforms) = preSolution
		Debug|Any CPU = Debug|Any CPU
		Release|Any CPU = Release|Any CPU
	EndGlobalSection
	GlobalSection(ProjectConfigurationPlatforms) = postSolution
		{F61BEE1D-A7EB-4B98-82B5-D7FC0F3E322B}.Debug|Any CPU.ActiveCfg = Debug|Any CPU
		{F61BEE1D-A7EB-4B98-82B5-D7FC0F3E322B}.Debug|Any CPU.Build.0 = Debug|Any CPU
		{F61BEE1D-A7EB-4B98-82B5-D7FC0F3E322B}.Release|Any CPU.ActiveCfg = Release|Any CPU
		{F61BEE1D-A7EB-4B98-82B5-D7FC0F3E322B}.Release|Any CPU.Build.0 = Release|Any CPU
	EndGlobalSection
	GlobalSection(SolutionProperties) = preSolution
		HideSolutionNode = FALSE
	EndGlobalSection
	GlobalSection(ExtensibilityGlobals) = postSolution
		SolutionGuid = {7673012D-E9D6-4520-BC0C-931BE58294C1}
	EndGlobalSection
EndGlobal
